
Microsoft Visual Studio Solution File, Format Version 12.00
# Visual Studio Version 17
VisualStudioVersion = 17.3.32825.248
MinimumVisualStudioVersion = 10.0.40219.1
Project("{FAE04EC0-301F-11D3-BF4B-00C04F79EFBC}") = "Jwt token", "Jwt token\Jwt token.csproj", "{D6BA9E36-A945-4260-991A-D9BCD9AFC7B8}"
EndProject
Global
	GlobalSection(SolutionConfigurationPlatforms) = preSolution
		Debug|Any CPU = Debug|Any CPU
		Release|Any CPU = Release|Any CPU
	EndGlobalSection
	GlobalSection(ProjectConfigurationPlatforms) = postSolution
		{D6BA9E36-A945-4260-991A-D9BCD9AFC7B8}.Debug|Any CPU.ActiveCfg = Debug|Any CPU
		{D6BA9E36-A945-4260-991A-D9BCD9AFC7B8}.Debug|Any CPU.Build.0 = Debug|Any CPU
		{D6BA9E36-A945-4260-991A-D9BCD9AFC7B8}.Release|Any CPU.ActiveCfg = Release|Any CPU
		{D6BA9E36-A945-4260-991A-D9BCD9AFC7B8}.Release|Any CPU.Build.0 = Release|Any CPU
	EndGlobalSection
	GlobalSection(SolutionProperties) = preSolution
		HideSolutionNode = FALSE
	EndGlobalSection
	GlobalSection(ExtensibilityGlobals) = postSolution
		SolutionGuid = {BC456DD3-436B-4F8A-B031-62CF44821B60}
	EndGlobalSection
EndGlobal
